// !$*UTF8*$!
{
	archiveVersion = 1;
	classes = {
	};
	objectVersion = 56;
	objects = {

/* Begin PBXBuildFile section */
		0EC37FF92C678EC800ECA726 /* AppDelegate.swift in Sources */ = {isa = PBXBuildFile; fileRef = 0EC37FF82C678EC800ECA726 /* AppDelegate.swift */; };
		0EC37FFB2C678EC800ECA726 /* SceneDelegate.swift in Sources */ = {isa = PBXBuildFile; fileRef = 0EC37FFA2C678EC800ECA726 /* SceneDelegate.swift */; };
		0EC37FFD2C678EC800ECA726 /* ScreenShareViewController.swift in Sources */ = {isa = PBXBuildFile; fileRef = 0EC37FFC2C678EC800ECA726 /* ScreenShareViewController.swift */; };
		0EC380022C678EC900ECA726 /* Assets.xcassets in Resources */ = {isa = PBXBuildFile; fileRef = 0EC380012C678EC900ECA726 /* Assets.xcassets */; };
		0EC380052C678EC900ECA726 /* LaunchScreen.storyboard in Resources */ = {isa = PBXBuildFile; fileRef = 0EC380032C678EC900ECA726 /* LaunchScreen.storyboard */; };
		0EC380262C678F6900ECA726 /* AppDelegate.swift in Sources */ = {isa = PBXBuildFile; fileRef = 0EC380252C678F6900ECA726 /* AppDelegate.swift */; };
		0EC380282C678F6900ECA726 /* SceneDelegate.swift in Sources */ = {isa = PBXBuildFile; fileRef = 0EC380272C678F6900ECA726 /* SceneDelegate.swift */; };
		0EC3802A2C678F6900ECA726 /* ViewController.swift in Sources */ = {isa = PBXBuildFile; fileRef = 0EC380292C678F6900ECA726 /* ViewController.swift */; };
		0EC3802F2C678F6A00ECA726 /* Assets.xcassets in Resources */ = {isa = PBXBuildFile; fileRef = 0EC3802E2C678F6A00ECA726 /* Assets.xcassets */; };
		0EC380322C678F6A00ECA726 /* LaunchScreen.storyboard in Resources */ = {isa = PBXBuildFile; fileRef = 0EC380302C678F6A00ECA726 /* LaunchScreen.storyboard */; };
		0EFF04EE2C6790AE004E1DD8 /* ReplayKit.framework in Frameworks */ = {isa = PBXBuildFile; fileRef = 0EFF04ED2C6790AE004E1DD8 /* ReplayKit.framework */; };
		0EFF04F12C6790AE004E1DD8 /* SampleHandler.swift in Sources */ = {isa = PBXBuildFile; fileRef = 0EFF04F02C6790AE004E1DD8 /* SampleHandler.swift */; };
		0EFF05042C6790AE004E1DD8 /* BroadCast.appex in Embed Foundation Extensions */ = {isa = PBXBuildFile; fileRef = 0EFF04EB2C6790AE004E1DD8 /* BroadCast.appex */; settings = {ATTRIBUTES = (RemoveHeadersOnCopy, ); }; };
		0EFF050F2C679896004E1DD8 /* GroupUserDefaults.swift in Sources */ = {isa = PBXBuildFile; fileRef = 0EFF050E2C679896004E1DD8 /* GroupUserDefaults.swift */; };
		0EFF05132C67995E004E1DD8 /* GroupUserDefaults.swift in Sources */ = {isa = PBXBuildFile; fileRef = 0EFF050E2C679896004E1DD8 /* GroupUserDefaults.swift */; };
		0EFF05162C679AA6004E1DD8 /* ScreenShareViewModel.swift in Sources */ = {isa = PBXBuildFile; fileRef = 0EFF05152C679AA6004E1DD8 /* ScreenShareViewModel.swift */; };
/* End PBXBuildFile section */

/* Begin PBXContainerItemProxy section */
		0EFF05022C6790AE004E1DD8 /* PBXContainerItemProxy */ = {
			isa = PBXContainerItemProxy;
			containerPortal = 0EC37FED2C678EC800ECA726 /* Project object */;
			proxyType = 1;
			remoteGlobalIDString = 0EFF04EA2C6790AE004E1DD8;
			remoteInfo = BroadCast;
		};
/* End PBXContainerItemProxy section */

/* Begin PBXCopyFilesBuildPhase section */
		0EFF05052C6790AE004E1DD8 /* Embed Foundation Extensions */ = {
			isa = PBXCopyFilesBuildPhase;
			buildActionMask = 2147483647;
			dstPath = "";
			dstSubfolderSpec = 13;
			files = (
				0EFF05042C6790AE004E1DD8 /* BroadCast.appex in Embed Foundation Extensions */,
			);
			name = "Embed Foundation Extensions";
			runOnlyForDeploymentPostprocessing = 0;
		};
/* End PBXCopyFilesBuildPhase section */

/* Begin PBXFileReference section */
		0EC37FF52C678EC800ECA726 /* ScreenShare.app */ = {isa = PBXFileReference; explicitFileType = wrapper.application; includeInIndex = 0; path = ScreenShare.app; sourceTree = BUILT_PRODUCTS_DIR; };
		0EC37FF82C678EC800ECA726 /* AppDelegate.swift */ = {isa = PBXFileReference; lastKnownFileType = sourcecode.swift; path = AppDelegate.swift; sourceTree = "<group>"; };
		0EC37FFA2C678EC800ECA726 /* SceneDelegate.swift */ = {isa = PBXFileReference; lastKnownFileType = sourcecode.swift; path = SceneDelegate.swift; sourceTree = "<group>"; };
		0EC37FFC2C678EC800ECA726 /* ScreenShareViewController.swift */ = {isa = PBXFileReference; lastKnownFileType = sourcecode.swift; path = ScreenShareViewController.swift; sourceTree = "<group>"; };
		0EC380012C678EC900ECA726 /* Assets.xcassets */ = {isa = PBXFileReference; lastKnownFileType = folder.assetcatalog; path = Assets.xcassets; sourceTree = "<group>"; };
		0EC380042C678EC900ECA726 /* Base */ = {isa = PBXFileReference; lastKnownFileType = file.storyboard; name = Base; path = Base.lproj/LaunchScreen.storyboard; sourceTree = "<group>"; };
		0EC380062C678EC900ECA726 /* Info.plist */ = {isa = PBXFileReference; lastKnownFileType = text.plist.xml; path = Info.plist; sourceTree = "<group>"; };
		0EC380232C678F6900ECA726 /* ScreenShare_Receiver.app */ = {isa = PBXFileReference; explicitFileType = wrapper.application; includeInIndex = 0; path = ScreenShare_Receiver.app; sourceTree = BUILT_PRODUCTS_DIR; };
		0EC380252C678F6900ECA726 /* AppDelegate.swift */ = {isa = PBXFileReference; lastKnownFileType = sourcecode.swift; path = AppDelegate.swift; sourceTree = "<group>"; };
		0EC380272C678F6900ECA726 /* SceneDelegate.swift */ = {isa = PBXFileReference; lastKnownFileType = sourcecode.swift; path = SceneDelegate.swift; sourceTree = "<group>"; };
		0EC380292C678F6900ECA726 /* ViewController.swift */ = {isa = PBXFileReference; lastKnownFileType = sourcecode.swift; path = ViewController.swift; sourceTree = "<group>"; };
		0EC3802E2C678F6A00ECA726 /* Assets.xcassets */ = {isa = PBXFileReference; lastKnownFileType = folder.assetcatalog; path = Assets.xcassets; sourceTree = "<group>"; };
		0EC380312C678F6A00ECA726 /* Base */ = {isa = PBXFileReference; lastKnownFileType = file.storyboard; name = Base; path = Base.lproj/LaunchScreen.storyboard; sourceTree = "<group>"; };
		0EC380332C678F6A00ECA726 /* Info.plist */ = {isa = PBXFileReference; lastKnownFileType = text.plist.xml; path = Info.plist; sourceTree = "<group>"; };
		0EFF04EB2C6790AE004E1DD8 /* BroadCast.appex */ = {isa = PBXFileReference; explicitFileType = "wrapper.app-extension"; includeInIndex = 0; path = BroadCast.appex; sourceTree = BUILT_PRODUCTS_DIR; };
		0EFF04ED2C6790AE004E1DD8 /* ReplayKit.framework */ = {isa = PBXFileReference; lastKnownFileType = wrapper.framework; name = ReplayKit.framework; path = System/Library/Frameworks/ReplayKit.framework; sourceTree = SDKROOT; };
		0EFF04F02C6790AE004E1DD8 /* SampleHandler.swift */ = {isa = PBXFileReference; lastKnownFileType = sourcecode.swift; path = SampleHandler.swift; sourceTree = "<group>"; };
		0EFF04F22C6790AE004E1DD8 /* Info.plist */ = {isa = PBXFileReference; lastKnownFileType = text.plist.xml; path = Info.plist; sourceTree = "<group>"; };
		0EFF04F92C6790AE004E1DD8 /* UIKit.framework */ = {isa = PBXFileReference; lastKnownFileType = wrapper.framework; name = UIKit.framework; path = System/Library/Frameworks/UIKit.framework; sourceTree = SDKROOT; };
		0EFF050C2C679817004E1DD8 /* ScreenShare.entitlements */ = {isa = PBXFileReference; lastKnownFileType = text.plist.entitlements; path = ScreenShare.entitlements; sourceTree = "<group>"; };
		0EFF050D2C679832004E1DD8 /* BroadCast.entitlements */ = {isa = PBXFileReference; lastKnownFileType = text.plist.entitlements; path = BroadCast.entitlements; sourceTree = "<group>"; };
		0EFF050E2C679896004E1DD8 /* GroupUserDefaults.swift */ = {isa = PBXFileReference; lastKnownFileType = sourcecode.swift; path = GroupUserDefaults.swift; sourceTree = "<group>"; };
		0EFF05152C679AA6004E1DD8 /* ScreenShareViewModel.swift */ = {isa = PBXFileReference; lastKnownFileType = sourcecode.swift; path = ScreenShareViewModel.swift; sourceTree = "<group>"; };
/* End PBXFileReference section */

/* Begin PBXFrameworksBuildPhase section */
		0EC37FF22C678EC800ECA726 /* Frameworks */ = {
			isa = PBXFrameworksBuildPhase;
			buildActionMask = 2147483647;
			files = (
			);
			runOnlyForDeploymentPostprocessing = 0;
		};
		0EC380202C678F6900ECA726 /* Frameworks */ = {
			isa = PBXFrameworksBuildPhase;
			buildActionMask = 2147483647;
			files = (
			);
			runOnlyForDeploymentPostprocessing = 0;
		};
		0EFF04E82C6790AE004E1DD8 /* Frameworks */ = {
			isa = PBXFrameworksBuildPhase;
			buildActionMask = 2147483647;
			files = (
				0EFF04EE2C6790AE004E1DD8 /* ReplayKit.framework in Frameworks */,
			);
			runOnlyForDeploymentPostprocessing = 0;
		};
/* End PBXFrameworksBuildPhase section */

/* Begin PBXGroup section */
		0EC37FEC2C678EC800ECA726 = {
			isa = PBXGroup;
			children = (
				0EC37FF72C678EC800ECA726 /* ScreenShare */,
				0EC380242C678F6900ECA726 /* ScreenShare_Receiver */,
				0EFF04EF2C6790AE004E1DD8 /* BroadCast */,
				0EFF04EC2C6790AE004E1DD8 /* Frameworks */,
				0EC37FF62C678EC800ECA726 /* Products */,
			);
			sourceTree = "<group>";
		};
		0EC37FF62C678EC800ECA726 /* Products */ = {
			isa = PBXGroup;
			children = (
				0EC37FF52C678EC800ECA726 /* ScreenShare.app */,
				0EC380232C678F6900ECA726 /* ScreenShare_Receiver.app */,
				0EFF04EB2C6790AE004E1DD8 /* BroadCast.appex */,
			);
			name = Products;
			sourceTree = "<group>";
		};
		0EC37FF72C678EC800ECA726 /* ScreenShare */ = {
			isa = PBXGroup;
			children = (
				0EFF05122C679939004E1DD8 /* Manager */,
				0EFF05112C67992A004E1DD8 /* ViewController */,
				0EFF05102C67991D004E1DD8 /* Application */,
				0EFF050C2C679817004E1DD8 /* ScreenShare.entitlements */,
				0EC380062C678EC900ECA726 /* Info.plist */,
			);
			path = ScreenShare;
			sourceTree = "<group>";
		};
		0EC380242C678F6900ECA726 /* ScreenShare_Receiver */ = {
			isa = PBXGroup;
			children = (
				0EC380252C678F6900ECA726 /* AppDelegate.swift */,
				0EC380272C678F6900ECA726 /* SceneDelegate.swift */,
				0EC380292C678F6900ECA726 /* ViewController.swift */,
				0EC3802E2C678F6A00ECA726 /* Assets.xcassets */,
				0EC380302C678F6A00ECA726 /* LaunchScreen.storyboard */,
				0EC380332C678F6A00ECA726 /* Info.plist */,
			);
			path = ScreenShare_Receiver;
			sourceTree = "<group>";
		};
		0EFF04EC2C6790AE004E1DD8 /* Frameworks */ = {
			isa = PBXGroup;
			children = (
				0EFF04ED2C6790AE004E1DD8 /* ReplayKit.framework */,
				0EFF04F92C6790AE004E1DD8 /* UIKit.framework */,
			);
			name = Frameworks;
			sourceTree = "<group>";
		};
		0EFF04EF2C6790AE004E1DD8 /* BroadCast */ = {
			isa = PBXGroup;
			children = (
				0EFF050D2C679832004E1DD8 /* BroadCast.entitlements */,
				0EFF04F02C6790AE004E1DD8 /* SampleHandler.swift */,
				0EFF04F22C6790AE004E1DD8 /* Info.plist */,
			);
			path = BroadCast;
			sourceTree = "<group>";
		};
		0EFF05102C67991D004E1DD8 /* Application */ = {
			isa = PBXGroup;
			children = (
				0EC37FF82C678EC800ECA726 /* AppDelegate.swift */,
				0EC37FFA2C678EC800ECA726 /* SceneDelegate.swift */,
				0EC380012C678EC900ECA726 /* Assets.xcassets */,
				0EC380032C678EC900ECA726 /* LaunchScreen.storyboard */,
			);
			path = Application;
			sourceTree = "<group>";
		};
		0EFF05112C67992A004E1DD8 /* ViewController */ = {
			isa = PBXGroup;
			children = (
				0EFF05142C679A92004E1DD8 /* ScreenShareViewController */,
			);
			path = ViewController;
			sourceTree = "<group>";
		};
		0EFF05122C679939004E1DD8 /* Manager */ = {
			isa = PBXGroup;
			children = (
				0EFF050E2C679896004E1DD8 /* GroupUserDefaults.swift */,
			);
			path = Manager;
			sourceTree = "<group>";
		};
		0EFF05142C679A92004E1DD8 /* ScreenShareViewController */ = {
			isa = PBXGroup;
			children = (
				0EC37FFC2C678EC800ECA726 /* ScreenShareViewController.swift */,
				0EFF05152C679AA6004E1DD8 /* ScreenShareViewModel.swift */,
			);
			path = ScreenShareViewController;
			sourceTree = "<group>";
		};
/* End PBXGroup section */

/* Begin PBXNativeTarget section */
		0EC37FF42C678EC800ECA726 /* ScreenShare */ = {
			isa = PBXNativeTarget;
			buildConfigurationList = 0EC380092C678EC900ECA726 /* Build configuration list for PBXNativeTarget "ScreenShare" */;
			buildPhases = (
				0EC37FF12C678EC800ECA726 /* Sources */,
				0EC37FF22C678EC800ECA726 /* Frameworks */,
				0EC37FF32C678EC800ECA726 /* Resources */,
				0EFF05052C6790AE004E1DD8 /* Embed Foundation Extensions */,
			);
			buildRules = (
			);
			dependencies = (
				0EFF05032C6790AE004E1DD8 /* PBXTargetDependency */,
			);
			name = ScreenShare;
			productName = ScreenShare;
			productReference = 0EC37FF52C678EC800ECA726 /* ScreenShare.app */;
			productType = "com.apple.product-type.application";
		};
		0EC380222C678F6900ECA726 /* ScreenShare_Receiver */ = {
			isa = PBXNativeTarget;
			buildConfigurationList = 0EC380342C678F6A00ECA726 /* Build configuration list for PBXNativeTarget "ScreenShare_Receiver" */;
			buildPhases = (
				0EC3801F2C678F6900ECA726 /* Sources */,
				0EC380202C678F6900ECA726 /* Frameworks */,
				0EC380212C678F6900ECA726 /* Resources */,
			);
			buildRules = (
			);
			dependencies = (
			);
			name = ScreenShare_Receiver;
			productName = ScreenShare_Receiver;
			productReference = 0EC380232C678F6900ECA726 /* ScreenShare_Receiver.app */;
			productType = "com.apple.product-type.application";
		};
		0EFF04EA2C6790AE004E1DD8 /* BroadCast */ = {
			isa = PBXNativeTarget;
			buildConfigurationList = 0EFF050B2C6790AE004E1DD8 /* Build configuration list for PBXNativeTarget "BroadCast" */;
			buildPhases = (
				0EFF04E72C6790AE004E1DD8 /* Sources */,
				0EFF04E82C6790AE004E1DD8 /* Frameworks */,
				0EFF04E92C6790AE004E1DD8 /* Resources */,
			);
			buildRules = (
			);
			dependencies = (
			);
			name = BroadCast;
			productName = BroadCast;
			productReference = 0EFF04EB2C6790AE004E1DD8 /* BroadCast.appex */;
			productType = "com.apple.product-type.app-extension";
		};
/* End PBXNativeTarget section */

/* Begin PBXProject section */
		0EC37FED2C678EC800ECA726 /* Project object */ = {
			isa = PBXProject;
			attributes = {
				BuildIndependentTargetsInParallel = 1;
				LastSwiftUpdateCheck = 1520;
				LastUpgradeCheck = 1520;
				TargetAttributes = {
					0EC37FF42C678EC800ECA726 = {
						CreatedOnToolsVersion = 15.2;
					};
					0EC380222C678F6900ECA726 = {
						CreatedOnToolsVersion = 15.2;
					};
					0EFF04EA2C6790AE004E1DD8 = {
						CreatedOnToolsVersion = 15.2;
					};
				};
			};
			buildConfigurationList = 0EC37FF02C678EC800ECA726 /* Build configuration list for PBXProject "ScreenShare" */;
			compatibilityVersion = "Xcode 14.0";
			developmentRegion = en;
			hasScannedForEncodings = 0;
			knownRegions = (
				en,
				Base,
			);
			mainGroup = 0EC37FEC2C678EC800ECA726;
			productRefGroup = 0EC37FF62C678EC800ECA726 /* Products */;
			projectDirPath = "";
			projectRoot = "";
			targets = (
				0EC37FF42C678EC800ECA726 /* ScreenShare */,
				0EFF04EA2C6790AE004E1DD8 /* BroadCast */,
				0EC380222C678F6900ECA726 /* ScreenShare_Receiver */,
			);
		};
/* End PBXProject section */

/* Begin PBXResourcesBuildPhase section */
		0EC37FF32C678EC800ECA726 /* Resources */ = {
			isa = PBXResourcesBuildPhase;
			buildActionMask = 2147483647;
			files = (
				0EC380052C678EC900ECA726 /* LaunchScreen.storyboard in Resources */,
				0EC380022C678EC900ECA726 /* Assets.xcassets in Resources */,
			);
			runOnlyForDeploymentPostprocessing = 0;
		};
		0EC380212C678F6900ECA726 /* Resources */ = {
			isa = PBXResourcesBuildPhase;
			buildActionMask = 2147483647;
			files = (
				0EC380322C678F6A00ECA726 /* LaunchScreen.storyboard in Resources */,
				0EC3802F2C678F6A00ECA726 /* Assets.xcassets in Resources */,
			);
			runOnlyForDeploymentPostprocessing = 0;
		};
		0EFF04E92C6790AE004E1DD8 /* Resources */ = {
			isa = PBXResourcesBuildPhase;
			buildActionMask = 2147483647;
			files = (
			);
			runOnlyForDeploymentPostprocessing = 0;
		};
/* End PBXResourcesBuildPhase section */

/* Begin PBXSourcesBuildPhase section */
		0EC37FF12C678EC800ECA726 /* Sources */ = {
			isa = PBXSourcesBuildPhase;
			buildActionMask = 2147483647;
			files = (
				0EC37FFD2C678EC800ECA726 /* ScreenShareViewController.swift in Sources */,
				0EC37FF92C678EC800ECA726 /* AppDelegate.swift in Sources */,
				0EFF050F2C679896004E1DD8 /* GroupUserDefaults.swift in Sources */,
				0EFF05162C679AA6004E1DD8 /* ScreenShareViewModel.swift in Sources */,
				0EC37FFB2C678EC800ECA726 /* SceneDelegate.swift in Sources */,
			);
			runOnlyForDeploymentPostprocessing = 0;
		};
		0EC3801F2C678F6900ECA726 /* Sources */ = {
			isa = PBXSourcesBuildPhase;
			buildActionMask = 2147483647;
			files = (
				0EC3802A2C678F6900ECA726 /* ViewController.swift in Sources */,
				0EC380262C678F6900ECA726 /* AppDelegate.swift in Sources */,
				0EC380282C678F6900ECA726 /* SceneDelegate.swift in Sources */,
			);
			runOnlyForDeploymentPostprocessing = 0;
		};
		0EFF04E72C6790AE004E1DD8 /* Sources */ = {
			isa = PBXSourcesBuildPhase;
			buildActionMask = 2147483647;
			files = (
				0EFF05132C67995E004E1DD8 /* GroupUserDefaults.swift in Sources */,
				0EFF04F12C6790AE004E1DD8 /* SampleHandler.swift in Sources */,
			);
			runOnlyForDeploymentPostprocessing = 0;
		};
/* End PBXSourcesBuildPhase section */

/* Begin PBXTargetDependency section */
		0EFF05032C6790AE004E1DD8 /* PBXTargetDependency */ = {
			isa = PBXTargetDependency;
			target = 0EFF04EA2C6790AE004E1DD8 /* BroadCast */;
			targetProxy = 0EFF05022C6790AE004E1DD8 /* PBXContainerItemProxy */;
		};
/* End PBXTargetDependency section */

/* Begin PBXVariantGroup section */
		0EC380032C678EC900ECA726 /* LaunchScreen.storyboard */ = {
			isa = PBXVariantGroup;
			children = (
				0EC380042C678EC900ECA726 /* Base */,
			);
			name = LaunchScreen.storyboard;
			sourceTree = "<group>";
		};
		0EC380302C678F6A00ECA726 /* LaunchScreen.storyboard */ = {
			isa = PBXVariantGroup;
			children = (
				0EC380312C678F6A00ECA726 /* Base */,
			);
			name = LaunchScreen.storyboard;
			sourceTree = "<group>";
		};
/* End PBXVariantGroup section */

/* Begin XCBuildConfiguration section */
		0EC380072C678EC900ECA726 /* Debug */ = {
			isa = XCBuildConfiguration;
			buildSettings = {
				ALWAYS_SEARCH_USER_PATHS = NO;
				ASSETCATALOG_COMPILER_GENERATE_SWIFT_ASSET_SYMBOL_EXTENSIONS = YES;
				CLANG_ANALYZER_NONNULL = YES;
				CLANG_ANALYZER_NUMBER_OBJECT_CONVERSION = YES_AGGRESSIVE;
				CLANG_CXX_LANGUAGE_STANDARD = "gnu++20";
				CLANG_ENABLE_MODULES = YES;
				CLANG_ENABLE_OBJC_ARC = YES;
				CLANG_ENABLE_OBJC_WEAK = YES;
				CLANG_WARN_BLOCK_CAPTURE_AUTORELEASING = YES;
				CLANG_WARN_BOOL_CONVERSION = YES;
				CLANG_WARN_COMMA = YES;
				CLANG_WARN_CONSTANT_CONVERSION = YES;
				CLANG_WARN_DEPRECATED_OBJC_IMPLEMENTATIONS = YES;
				CLANG_WARN_DIRECT_OBJC_ISA_USAGE = YES_ERROR;
				CLANG_WARN_DOCUMENTATION_COMMENTS = YES;
				CLANG_WARN_EMPTY_BODY = YES;
				CLANG_WARN_ENUM_CONVERSION = YES;
				CLANG_WARN_INFINITE_RECURSION = YES;
				CLANG_WARN_INT_CONVERSION = YES;
				CLANG_WARN_NON_LITERAL_NULL_CONVERSION = YES;
				CLANG_WARN_OBJC_IMPLICIT_RETAIN_SELF = YES;
				CLANG_WARN_OBJC_LITERAL_CONVERSION = YES;
				CLANG_WARN_OBJC_ROOT_CLASS = YES_ERROR;
				CLANG_WARN_QUOTED_INCLUDE_IN_FRAMEWORK_HEADER = YES;
				CLANG_WARN_RANGE_LOOP_ANALYSIS = YES;
				CLANG_WARN_STRICT_PROTOTYPES = YES;
				CLANG_WARN_SUSPICIOUS_MOVE = YES;
				CLANG_WARN_UNGUARDED_AVAILABILITY = YES_AGGRESSIVE;
				CLANG_WARN_UNREACHABLE_CODE = YES;
				CLANG_WARN__DUPLICATE_METHOD_MATCH = YES;
				COPY_PHASE_STRIP = NO;
				DEBUG_INFORMATION_FORMAT = dwarf;
				ENABLE_STRICT_OBJC_MSGSEND = YES;
				ENABLE_TESTABILITY = YES;
				ENABLE_USER_SCRIPT_SANDBOXING = YES;
				GCC_C_LANGUAGE_STANDARD = gnu17;
				GCC_DYNAMIC_NO_PIC = NO;
				GCC_NO_COMMON_BLOCKS = YES;
				GCC_OPTIMIZATION_LEVEL = 0;
				GCC_PREPROCESSOR_DEFINITIONS = (
					"DEBUG=1",
					"$(inherited)",
				);
				GCC_WARN_64_TO_32_BIT_CONVERSION = YES;
				GCC_WARN_ABOUT_RETURN_TYPE = YES_ERROR;
				GCC_WARN_UNDECLARED_SELECTOR = YES;
				GCC_WARN_UNINITIALIZED_AUTOS = YES_AGGRESSIVE;
				GCC_WARN_UNUSED_FUNCTION = YES;
				GCC_WARN_UNUSED_VARIABLE = YES;
				IPHONEOS_DEPLOYMENT_TARGET = 17.2;
				LOCALIZATION_PREFERS_STRING_CATALOGS = YES;
				MTL_ENABLE_DEBUG_INFO = INCLUDE_SOURCE;
				MTL_FAST_MATH = YES;
				ONLY_ACTIVE_ARCH = YES;
				SDKROOT = iphoneos;
				SWIFT_ACTIVE_COMPILATION_CONDITIONS = "DEBUG $(inherited)";
				SWIFT_OPTIMIZATION_LEVEL = "-Onone";
			};
			name = Debug;
		};
		0EC380082C678EC900ECA726 /* Release */ = {
			isa = XCBuildConfiguration;
			buildSettings = {
				ALWAYS_SEARCH_USER_PATHS = NO;
				ASSETCATALOG_COMPILER_GENERATE_SWIFT_ASSET_SYMBOL_EXTENSIONS = YES;
				CLANG_ANALYZER_NONNULL = YES;
				CLANG_ANALYZER_NUMBER_OBJECT_CONVERSION = YES_AGGRESSIVE;
				CLANG_CXX_LANGUAGE_STANDARD = "gnu++20";
				CLANG_ENABLE_MODULES = YES;
				CLANG_ENABLE_OBJC_ARC = YES;
				CLANG_ENABLE_OBJC_WEAK = YES;
				CLANG_WARN_BLOCK_CAPTURE_AUTORELEASING = YES;
				CLANG_WARN_BOOL_CONVERSION = YES;
				CLANG_WARN_COMMA = YES;
				CLANG_WARN_CONSTANT_CONVERSION = YES;
				CLANG_WARN_DEPRECATED_OBJC_IMPLEMENTATIONS = YES;
				CLANG_WARN_DIRECT_OBJC_ISA_USAGE = YES_ERROR;
				CLANG_WARN_DOCUMENTATION_COMMENTS = YES;
				CLANG_WARN_EMPTY_BODY = YES;
				CLANG_WARN_ENUM_CONVERSION = YES;
				CLANG_WARN_INFINITE_RECURSION = YES;
				CLANG_WARN_INT_CONVERSION = YES;
				CLANG_WARN_NON_LITERAL_NULL_CONVERSION = YES;
				CLANG_WARN_OBJC_IMPLICIT_RETAIN_SELF = YES;
				CLANG_WARN_OBJC_LITERAL_CONVERSION = YES;
				CLANG_WARN_OBJC_ROOT_CLASS = YES_ERROR;
				CLANG_WARN_QUOTED_INCLUDE_IN_FRAMEWORK_HEADER = YES;
				CLANG_WARN_RANGE_LOOP_ANALYSIS = YES;
				CLANG_WARN_STRICT_PROTOTYPES = YES;
				CLANG_WARN_SUSPICIOUS_MOVE = YES;
				CLANG_WARN_UNGUARDED_AVAILABILITY = YES_AGGRESSIVE;
				CLANG_WARN_UNREACHABLE_CODE = YES;
				CLANG_WARN__DUPLICATE_METHOD_MATCH = YES;
				COPY_PHASE_STRIP = NO;
				DEBUG_INFORMATION_FORMAT = "dwarf-with-dsym";
				ENABLE_NS_ASSERTIONS = NO;
				ENABLE_STRICT_OBJC_MSGSEND = YES;
				ENABLE_USER_SCRIPT_SANDBOXING = YES;
				GCC_C_LANGUAGE_STANDARD = gnu17;
				GCC_NO_COMMON_BLOCKS = YES;
				GCC_WARN_64_TO_32_BIT_CONVERSION = YES;
				GCC_WARN_ABOUT_RETURN_TYPE = YES_ERROR;
				GCC_WARN_UNDECLARED_SELECTOR = YES;
				GCC_WARN_UNINITIALIZED_AUTOS = YES_AGGRESSIVE;
				GCC_WARN_UNUSED_FUNCTION = YES;
				GCC_WARN_UNUSED_VARIABLE = YES;
				IPHONEOS_DEPLOYMENT_TARGET = 17.2;
				LOCALIZATION_PREFERS_STRING_CATALOGS = YES;
				MTL_ENABLE_DEBUG_INFO = NO;
				MTL_FAST_MATH = YES;
				SDKROOT = iphoneos;
				SWIFT_COMPILATION_MODE = wholemodule;
				VALIDATE_PRODUCT = YES;
			};
			name = Release;
		};
		0EC3800A2C678EC900ECA726 /* Debug */ = {
			isa = XCBuildConfiguration;
			buildSettings = {
				ALWAYS_EMBED_SWIFT_STANDARD_LIBRARIES = YES;
				ASSETCATALOG_COMPILER_APPICON_NAME = AppIcon;
				ASSETCATALOG_COMPILER_GLOBAL_ACCENT_COLOR_NAME = AccentColor;
				CODE_SIGN_ENTITLEMENTS = ScreenShare/ScreenShare.entitlements;
				CODE_SIGN_STYLE = Automatic;
				CURRENT_PROJECT_VERSION = 1;
				DEVELOPMENT_TEAM = 8PRV428ULN;
				GENERATE_INFOPLIST_FILE = YES;
				INFOPLIST_FILE = ScreenShare/Info.plist;
				INFOPLIST_KEY_UIApplicationSupportsIndirectInputEvents = YES;
				INFOPLIST_KEY_UILaunchStoryboardName = LaunchScreen;
				INFOPLIST_KEY_UISupportedInterfaceOrientations_iPad = "UIInterfaceOrientationPortrait UIInterfaceOrientationPortraitUpsideDown UIInterfaceOrientationLandscapeLeft UIInterfaceOrientationLandscapeRight";
				INFOPLIST_KEY_UISupportedInterfaceOrientations_iPhone = "UIInterfaceOrientationPortrait UIInterfaceOrientationLandscapeLeft UIInterfaceOrientationLandscapeRight";
				IPHONEOS_DEPLOYMENT_TARGET = 15.0;
				LD_RUNPATH_SEARCH_PATHS = (
					"$(inherited)",
					"@executable_path/Frameworks",
				);
				MARKETING_VERSION = 1.0;
				PRODUCT_BUNDLE_IDENTIFIER = "com.J-Min.ScreenShare";
				PRODUCT_NAME = "$(TARGET_NAME)";
				SWIFT_EMIT_LOC_STRINGS = YES;
				SWIFT_VERSION = 5.0;
				TARGETED_DEVICE_FAMILY = "1,2";
			};
			name = Debug;
		};
		0EC3800B2C678EC900ECA726 /* Release */ = {
			isa = XCBuildConfiguration;
			buildSettings = {
				ALWAYS_EMBED_SWIFT_STANDARD_LIBRARIES = YES;
				ASSETCATALOG_COMPILER_APPICON_NAME = AppIcon;
				ASSETCATALOG_COMPILER_GLOBAL_ACCENT_COLOR_NAME = AccentColor;
				CODE_SIGN_ENTITLEMENTS = ScreenShare/ScreenShare.entitlements;
				CODE_SIGN_STYLE = Automatic;
				CURRENT_PROJECT_VERSION = 1;
				DEVELOPMENT_TEAM = 8PRV428ULN;
				GENERATE_INFOPLIST_FILE = YES;
				INFOPLIST_FILE = ScreenShare/Info.plist;
				INFOPLIST_KEY_UIApplicationSupportsIndirectInputEvents = YES;
				INFOPLIST_KEY_UILaunchStoryboardName = LaunchScreen;
				INFOPLIST_KEY_UISupportedInterfaceOrientations_iPad = "UIInterfaceOrientationPortrait UIInterfaceOrientationPortraitUpsideDown UIInterfaceOrientationLandscapeLeft UIInterfaceOrientationLandscapeRight";
				INFOPLIST_KEY_UISupportedInterfaceOrientations_iPhone = "UIInterfaceOrientationPortrait UIInterfaceOrientationLandscapeLeft UIInterfaceOrientationLandscapeRight";
				IPHONEOS_DEPLOYMENT_TARGET = 15.0;
				LD_RUNPATH_SEARCH_PATHS = (
					"$(inherited)",
					"@executable_path/Frameworks",
				);
				MARKETING_VERSION = 1.0;
				PRODUCT_BUNDLE_IDENTIFIER = "com.J-Min.ScreenShare";
				PRODUCT_NAME = "$(TARGET_NAME)";
				SWIFT_EMIT_LOC_STRINGS = YES;
				SWIFT_VERSION = 5.0;
				TARGETED_DEVICE_FAMILY = "1,2";
			};
			name = Release;
		};
		0EC380352C678F6A00ECA726 /* Debug */ = {
			isa = XCBuildConfiguration;
			buildSettings = {
				ASSETCATALOG_COMPILER_APPICON_NAME = AppIcon;
				ASSETCATALOG_COMPILER_GLOBAL_ACCENT_COLOR_NAME = AccentColor;
				CODE_SIGN_STYLE = Automatic;
				CURRENT_PROJECT_VERSION = 1;
				DEVELOPMENT_TEAM = 8PRV428ULN;
				GENERATE_INFOPLIST_FILE = YES;
				INFOPLIST_FILE = ScreenShare_Receiver/Info.plist;
				INFOPLIST_KEY_UIApplicationSupportsIndirectInputEvents = YES;
				INFOPLIST_KEY_UILaunchStoryboardName = LaunchScreen;
				INFOPLIST_KEY_UISupportedInterfaceOrientations_iPad = "UIInterfaceOrientationPortrait UIInterfaceOrientationPortraitUpsideDown UIInterfaceOrientationLandscapeLeft UIInterfaceOrientationLandscapeRight";
				INFOPLIST_KEY_UISupportedInterfaceOrientations_iPhone = "UIInterfaceOrientationPortrait UIInterfaceOrientationLandscapeLeft UIInterfaceOrientationLandscapeRight";
				IPHONEOS_DEPLOYMENT_TARGET = 15.0;
				LD_RUNPATH_SEARCH_PATHS = (
					"$(inherited)",
					"@executable_path/Frameworks",
				);
				MARKETING_VERSION = 1.0;
				PRODUCT_BUNDLE_IDENTIFIER = "com.J-Min.ScreenShare-Receiver";
				PRODUCT_NAME = "$(TARGET_NAME)";
				SWIFT_EMIT_LOC_STRINGS = YES;
				SWIFT_VERSION = 5.0;
				TARGETED_DEVICE_FAMILY = "1,2";
			};
			name = Debug;
		};
		0EC380362C678F6A00ECA726 /* Release */ = {
			isa = XCBuildConfiguration;
			buildSettings = {
				ASSETCATALOG_COMPILER_APPICON_NAME = AppIcon;
				ASSETCATALOG_COMPILER_GLOBAL_ACCENT_COLOR_NAME = AccentColor;
				CODE_SIGN_STYLE = Automatic;
				CURRENT_PROJECT_VERSION = 1;
				DEVELOPMENT_TEAM = 8PRV428ULN;
				GENERATE_INFOPLIST_FILE = YES;
				INFOPLIST_FILE = ScreenShare_Receiver/Info.plist;
				INFOPLIST_KEY_UIApplicationSupportsIndirectInputEvents = YES;
				INFOPLIST_KEY_UILaunchStoryboardName = LaunchScreen;
				INFOPLIST_KEY_UISupportedInterfaceOrientations_iPad = "UIInterfaceOrientationPortrait UIInterfaceOrientationPortraitUpsideDown UIInterfaceOrientationLandscapeLeft UIInterfaceOrientationLandscapeRight";
				INFOPLIST_KEY_UISupportedInterfaceOrientations_iPhone = "UIInterfaceOrientationPortrait UIInterfaceOrientationLandscapeLeft UIInterfaceOrientationLandscapeRight";
				IPHONEOS_DEPLOYMENT_TARGET = 15.0;
				LD_RUNPATH_SEARCH_PATHS = (
					"$(inherited)",
					"@executable_path/Frameworks",
				);
				MARKETING_VERSION = 1.0;
				PRODUCT_BUNDLE_IDENTIFIER = "com.J-Min.ScreenShare-Receiver";
				PRODUCT_NAME = "$(TARGET_NAME)";
				SWIFT_EMIT_LOC_STRINGS = YES;
				SWIFT_VERSION = 5.0;
				TARGETED_DEVICE_FAMILY = "1,2";
			};
			name = Release;
		};
		0EFF05062C6790AE004E1DD8 /* Debug */ = {
			isa = XCBuildConfiguration;
			buildSettings = {
				CODE_SIGN_ENTITLEMENTS = BroadCast/BroadCast.entitlements;
				CODE_SIGN_STYLE = Automatic;
				CURRENT_PROJECT_VERSION = 1;
				DEVELOPMENT_TEAM = 8PRV428ULN;
				GENERATE_INFOPLIST_FILE = YES;
				INFOPLIST_FILE = BroadCast/Info.plist;
				INFOPLIST_KEY_CFBundleDisplayName = BroadCast;
				INFOPLIST_KEY_NSHumanReadableCopyright = "";
				LD_RUNPATH_SEARCH_PATHS = (
					"$(inherited)",
					"@executable_path/Frameworks",
					"@executable_path/../../Frameworks",
				);
				MARKETING_VERSION = 1.0;
				PRODUCT_BUNDLE_IDENTIFIER = "com.J-Min.ScreenShare.BroadCast";
				PRODUCT_NAME = "$(TARGET_NAME)";
				SKIP_INSTALL = YES;
				SWIFT_EMIT_LOC_STRINGS = YES;
				SWIFT_VERSION = 5.0;
				TARGETED_DEVICE_FAMILY = "1,2";
			};
			name = Debug;
		};
		0EFF05072C6790AE004E1DD8 /* Release */ = {
			isa = XCBuildConfiguration;
			buildSettings = {
				CODE_SIGN_ENTITLEMENTS = BroadCast/BroadCast.entitlements;
				CODE_SIGN_STYLE = Automatic;
				CURRENT_PROJECT_VERSION = 1;
				DEVELOPMENT_TEAM = 8PRV428ULN;
				GENERATE_INFOPLIST_FILE = YES;
				INFOPLIST_FILE = BroadCast/Info.plist;
				INFOPLIST_KEY_CFBundleDisplayName = BroadCast;
				INFOPLIST_KEY_NSHumanReadableCopyright = "";
				LD_RUNPATH_SEARCH_PATHS = (
					"$(inherited)",
					"@executable_path/Frameworks",
					"@executable_path/../../Frameworks",
				);
				MARKETING_VERSION = 1.0;
				PRODUCT_BUNDLE_IDENTIFIER = "com.J-Min.ScreenShare.BroadCast";
				PRODUCT_NAME = "$(TARGET_NAME)";
				SKIP_INSTALL = YES;
				SWIFT_EMIT_LOC_STRINGS = YES;
				SWIFT_VERSION = 5.0;
				TARGETED_DEVICE_FAMILY = "1,2";
			};
			name = Release;
		};
/* End XCBuildConfiguration section */

/* Begin XCConfigurationList section */
		0EC37FF02C678EC800ECA726 /* Build configuration list for PBXProject "ScreenShare" */ = {
			isa = XCConfigurationList;
			buildConfigurations = (
				0EC380072C678EC900ECA726 /* Debug */,
				0EC380082C678EC900ECA726 /* Release */,
			);
			defaultConfigurationIsVisible = 0;
			defaultConfigurationName = Release;
		};
		0EC380092C678EC900ECA726 /* Build configuration list for PBXNativeTarget "ScreenShare" */ = {
			isa = XCConfigurationList;
			buildConfigurations = (
				0EC3800A2C678EC900ECA726 /* Debug */,
				0EC3800B2C678EC900ECA726 /* Release */,
			);
			defaultConfigurationIsVisible = 0;
			defaultConfigurationName = Release;
		};
		0EC380342C678F6A00ECA726 /* Build configuration list for PBXNativeTarget "ScreenShare_Receiver" */ = {
			isa = XCConfigurationList;
			buildConfigurations = (
				0EC380352C678F6A00ECA726 /* Debug */,
				0EC380362C678F6A00ECA726 /* Release */,
			);
			defaultConfigurationIsVisible = 0;
			defaultConfigurationName = Release;
		};
		0EFF050B2C6790AE004E1DD8 /* Build configuration list for PBXNativeTarget "BroadCast" */ = {
			isa = XCConfigurationList;
			buildConfigurations = (
				0EFF05062C6790AE004E1DD8 /* Debug */,
				0EFF05072C6790AE004E1DD8 /* Release */,
			);
			defaultConfigurationIsVisible = 0;
			defaultConfigurationName = Release;
		};
/* End XCConfigurationList section */
	};
	rootObject = 0EC37FED2C678EC800ECA726 /* Project object */;
}
